github.com/go-gl/gl v0.0.0-20181026044259-55b76b7df9d2 h1:78Hza2KHn2PX1jdydQnffaU2A/xM0g3Nx1xmMdep9Gk=
github.com/go-gl/gl v0.0.0-20181026044259-55b76b7df9d2/go.mod h1:482civXOzJJCPzJ4ZOX/pwvXBWSnzD4OKMdH4ClKGbk=
github.com/go-gl/glfw v0.0.0-20181014061658-691ee1b84c51 h1:elGSwayRx7uAsfA5PnVKeTHh+AVsUTmas0CkHOw/DSk=
github.com/go-gl/glfw v0.0.0-20181014061658-691ee1b84c51/go.mod h1:vR7hzQXu2zJy9AVAgeJqvqgH9Q5CA+iKCZ2gyEVpxRU=
github.com/google/logger v0.0.0-20181112113803-324a7c096a0d h1:1YC9w0bRU6LRB8JEapVhbfB2Iiewl2NsX39p8uxrKbk=
github.com/google/logger v0.0.0-20181112113803-324a7c096a0d/go.mod h1:tQN+I/DyBt051hEHNEzPgIeyy/GD1WJaKbqPScoDKdY=
golang.org/x/sys v0.0.0-20181206074257-70b957f3b65e h1:njOxP/wVblhCLIUhjHXf6X+dzTt5OQ3vMQo9mkOIKIo=
golang.org/x/sys v0.0.0-20181206074257-70b957f3b65e/go.mod h1:STP8DvDyc/dI5b8T5hshtkjS+E42TnysNCUPdjciGhY=
